// !$*UTF8*$!
{
	archiveVersion = 1;
	classes = {
	};
	objectVersion = 56;
	objects = {

/* Begin PBXBuildFile section */
		3626AF962AC0FC9B00BA2486 /* AspectVGrid.swift in Sources */ = {isa = PBXBuildFile; fileRef = 3626AF952AC0FC9B00BA2486 /* AspectVGrid.swift */; };
		363342BE2B40B4C700DD06A9 /* Pie.swift in Sources */ = {isa = PBXBuildFile; fileRef = 363342BD2B40B4C700DD06A9 /* Pie.swift */; };
		363342C02B40C96600DD06A9 /* Cardify.swift in Sources */ = {isa = PBXBuildFile; fileRef = 363342BF2B40C96600DD06A9 /* Cardify.swift */; };
		363342C22B41E47600DD06A9 /* FlyingNumber.swift in Sources */ = {isa = PBXBuildFile; fileRef = 363342C12B41E47600DD06A9 /* FlyingNumber.swift */; };
		3650AF942ABBCCBB0001D3E0 /* MemoryGame.swift in Sources */ = {isa = PBXBuildFile; fileRef = 3650AF932ABBCCBB0001D3E0 /* MemoryGame.swift */; };
		3650AF962ABBCDCD0001D3E0 /* EmojiMemoryGame.swift in Sources */ = {isa = PBXBuildFile; fileRef = 3650AF952ABBCDCD0001D3E0 /* EmojiMemoryGame.swift */; };
		36E1CAFB2AF1AF520054E376 /* CardView.swift in Sources */ = {isa = PBXBuildFile; fileRef = 36E1CAFA2AF1AF520054E376 /* CardView.swift */; };
		36EA1F412AB11C800026CDE8 /* MemorizeApp.swift in Sources */ = {isa = PBXBuildFile; fileRef = 36EA1F402AB11C800026CDE8 /* MemorizeApp.swift */; };
		36EA1F432AB11C800026CDE8 /* EmojiMemoryGameView.swift in Sources */ = {isa = PBXBuildFile; fileRef = 36EA1F422AB11C800026CDE8 /* EmojiMemoryGameView.swift */; };
		36EA1F452AB11C810026CDE8 /* Assets.xcassets in Resources */ = {isa = PBXBuildFile; fileRef = 36EA1F442AB11C810026CDE8 /* Assets.xcassets */; };
		36EA1F482AB11C810026CDE8 /* Preview Assets.xcassets in Resources */ = {isa = PBXBuildFile; fileRef = 36EA1F472AB11C810026CDE8 /* Preview Assets.xcassets */; };
/* End PBXBuildFile section */

/* Begin PBXFileReference section */
		3626AF952AC0FC9B00BA2486 /* AspectVGrid.swift */ = {isa = PBXFileReference; lastKnownFileType = sourcecode.swift; path = AspectVGrid.swift; sourceTree = "<group>"; };
		363342BD2B40B4C700DD06A9 /* Pie.swift */ = {isa = PBXFileReference; lastKnownFileType = sourcecode.swift; path = Pie.swift; sourceTree = "<group>"; };
		363342BF2B40C96600DD06A9 /* Cardify.swift */ = {isa = PBXFileReference; lastKnownFileType = sourcecode.swift; path = Cardify.swift; sourceTree = "<group>"; };
		363342C12B41E47600DD06A9 /* FlyingNumber.swift */ = {isa = PBXFileReference; lastKnownFileType = sourcecode.swift; path = FlyingNumber.swift; sourceTree = "<group>"; };
		3650AF932ABBCCBB0001D3E0 /* MemoryGame.swift */ = {isa = PBXFileReference; lastKnownFileType = sourcecode.swift; path = MemoryGame.swift; sourceTree = "<group>"; };
		3650AF952ABBCDCD0001D3E0 /* EmojiMemoryGame.swift */ = {isa = PBXFileReference; lastKnownFileType = sourcecode.swift; path = EmojiMemoryGame.swift; sourceTree = "<group>"; };
		36E1CAFA2AF1AF520054E376 /* CardView.swift */ = {isa = PBXFileReference; lastKnownFileType = sourcecode.swift; path = CardView.swift; sourceTree = "<group>"; };
		36EA1F3D2AB11C800026CDE8 /* Memorize.app */ = {isa = PBXFileReference; explicitFileType = wrapper.application; includeInIndex = 0; path = Memorize.app; sourceTree = BUILT_PRODUCTS_DIR; };
		36EA1F402AB11C800026CDE8 /* MemorizeApp.swift */ = {isa = PBXFileReference; lastKnownFileType = sourcecode.swift; path = MemorizeApp.swift; sourceTree = "<group>"; };
		36EA1F422AB11C800026CDE8 /* EmojiMemoryGameView.swift */ = {isa = PBXFileReference; lastKnownFileType = sourcecode.swift; path = EmojiMemoryGameView.swift; sourceTree = "<group>"; };
		36EA1F442AB11C810026CDE8 /* Assets.xcassets */ = {isa = PBXFileReference; lastKnownFileType = folder.assetcatalog; path = Assets.xcassets; sourceTree = "<group>"; };
		36EA1F472AB11C810026CDE8 /* Preview Assets.xcassets */ = {isa = PBXFileReference; lastKnownFileType = folder.assetcatalog; path = "Preview Assets.xcassets"; sourceTree = "<group>"; };
/* End PBXFileReference section */

/* Begin PBXFrameworksBuildPhase section */
		36EA1F3A2AB11C800026CDE8 /* Frameworks */ = {
			isa = PBXFrameworksBuildPhase;
			buildActionMask = 2147483647;
			files = (
			);
			runOnlyForDeploymentPostprocessing = 0;
		};
/* End PBXFrameworksBuildPhase section */

/* Begin PBXGroup section */
		366580132B52F70000FFF22D /* Models */ = {
			isa = PBXGroup;
			children = (
				3650AF932ABBCCBB0001D3E0 /* MemoryGame.swift */,
			);
			path = Models;
			sourceTree = "<group>";
		};
		366580142B52F71700FFF22D /* Modifiers */ = {
			isa = PBXGroup;
			children = (
				363342BF2B40C96600DD06A9 /* Cardify.swift */,
			);
			path = Modifiers;
			sourceTree = "<group>";
		};
		366580152B52F73E00FFF22D /* Views */ = {
			isa = PBXGroup;
			children = (
				36EA1F422AB11C800026CDE8 /* EmojiMemoryGameView.swift */,
				366580162B52F78E00FFF22D /* Components */,
				366580142B52F71700FFF22D /* Modifiers */,
			);
			path = Views;
			sourceTree = "<group>";
		};
		366580162B52F78E00FFF22D /* Components */ = {
			isa = PBXGroup;
			children = (
				36E1CAFA2AF1AF520054E376 /* CardView.swift */,
				363342C12B41E47600DD06A9 /* FlyingNumber.swift */,
				363342BD2B40B4C700DD06A9 /* Pie.swift */,
				3626AF952AC0FC9B00BA2486 /* AspectVGrid.swift */,
			);
			path = Components;
			sourceTree = "<group>";
		};
		366580172B52F7D700FFF22D /* ViewModels */ = {
			isa = PBXGroup;
			children = (
				3650AF952ABBCDCD0001D3E0 /* EmojiMemoryGame.swift */,
			);
			path = ViewModels;
			sourceTree = "<group>";
		};
		36EA1F342AB11C800026CDE8 = {
			isa = PBXGroup;
			children = (
				36EA1F3F2AB11C800026CDE8 /* Memorize */,
				36EA1F3E2AB11C800026CDE8 /* Products */,
			);
			sourceTree = "<group>";
		};
		36EA1F3E2AB11C800026CDE8 /* Products */ = {
			isa = PBXGroup;
			children = (
				36EA1F3D2AB11C800026CDE8 /* Memorize.app */,
			);
			name = Products;
			sourceTree = "<group>";
		};
		36EA1F3F2AB11C800026CDE8 /* Memorize */ = {
			isa = PBXGroup;
			children = (
				36EA1F402AB11C800026CDE8 /* MemorizeApp.swift */,
				366580132B52F70000FFF22D /* Models */,
				366580152B52F73E00FFF22D /* Views */,
				366580172B52F7D700FFF22D /* ViewModels */,
				36EA1F442AB11C810026CDE8 /* Assets.xcassets */,
				36EA1F462AB11C810026CDE8 /* Preview Content */,
			);
			path = Memorize;
			sourceTree = "<group>";
		};
		36EA1F462AB11C810026CDE8 /* Preview Content */ = {
			isa = PBXGroup;
			children = (
				36EA1F472AB11C810026CDE8 /* Preview Assets.xcassets */,
			);
			path = "Preview Content";
			sourceTree = "<group>";
		};
/* End PBXGroup section */

/* Begin PBXNativeTarget section */
		36EA1F3C2AB11C800026CDE8 /* Memorize */ = {
			isa = PBXNativeTarget;
			buildConfigurationList = 36EA1F4B2AB11C810026CDE8 /* Build configuration list for PBXNativeTarget "Memorize" */;
			buildPhases = (
				36EA1F392AB11C800026CDE8 /* Sources */,
				36EA1F3A2AB11C800026CDE8 /* Frameworks */,
				36EA1F3B2AB11C800026CDE8 /* Resources */,
			);
			buildRules = (
			);
			dependencies = (
			);
			name = Memorize;
			productName = Memorize;
			productReference = 36EA1F3D2AB11C800026CDE8 /* Memorize.app */;
			productType = "com.apple.product-type.application";
		};
/* End PBXNativeTarget section */

/* Begin PBXProject section */
		36EA1F352AB11C800026CDE8 /* Project object */ = {
			isa = PBXProject;
			attributes = {
				BuildIndependentTargetsInParallel = 1;
				LastSwiftUpdateCheck = 1420;
				LastUpgradeCheck = 1420;
				TargetAttributes = {
					36EA1F3C2AB11C800026CDE8 = {
						CreatedOnToolsVersion = 14.2;
					};
				};
			};
			buildConfigurationList = 36EA1F382AB11C800026CDE8 /* Build configuration list for PBXProject "Memorize" */;
			compatibilityVersion = "Xcode 14.0";
			developmentRegion = en;
			hasScannedForEncodings = 0;
			knownRegions = (
				en,
				Base,
			);
			mainGroup = 36EA1F342AB11C800026CDE8;
			productRefGroup = 36EA1F3E2AB11C800026CDE8 /* Products */;
			projectDirPath = "";
			projectRoot = "";
			targets = (
				36EA1F3C2AB11C800026CDE8 /* Memorize */,
			);
		};
/* End PBXProject section */

/* Begin PBXResourcesBuildPhase section */
		36EA1F3B2AB11C800026CDE8 /* Resources */ = {
			isa = PBXResourcesBuildPhase;
			buildActionMask = 2147483647;
			files = (
				36EA1F482AB11C810026CDE8 /* Preview Assets.xcassets in Resources */,
				36EA1F452AB11C810026CDE8 /* Assets.xcassets in Resources */,
			);
			runOnlyForDeploymentPostprocessing = 0;
		};
/* End PBXResourcesBuildPhase section */

/* Begin PBXSourcesBuildPhase section */
		36EA1F392AB11C800026CDE8 /* Sources */ = {
			isa = PBXSourcesBuildPhase;
			buildActionMask = 2147483647;
			files = (
				36EA1F432AB11C800026CDE8 /* EmojiMemoryGameView.swift in Sources */,
				36EA1F412AB11C800026CDE8 /* MemorizeApp.swift in Sources */,
				363342C22B41E47600DD06A9 /* FlyingNumber.swift in Sources */,
				363342C02B40C96600DD06A9 /* Cardify.swift in Sources */,
				3650AF942ABBCCBB0001D3E0 /* MemoryGame.swift in Sources */,
				3626AF962AC0FC9B00BA2486 /* AspectVGrid.swift in Sources */,
				363342BE2B40B4C700DD06A9 /* Pie.swift in Sources */,
				36E1CAFB2AF1AF520054E376 /* CardView.swift in Sources */,
				3650AF962ABBCDCD0001D3E0 /* EmojiMemoryGame.swift in Sources */,
			);
			runOnlyForDeploymentPostprocessing = 0;
		};
/* End PBXSourcesBuildPhase section */

/* Begin XCBuildConfiguration section */
		36EA1F492AB11C810026CDE8 /* Debug */ = {
			isa = XCBuildConfiguration;
			buildSettings = {
				ALWAYS_SEARCH_USER_PATHS = NO;
				CLANG_ANALYZER_NONNULL = YES;
				CLANG_ANALYZER_NUMBER_OBJECT_CONVERSION = YES_AGGRESSIVE;
				CLANG_CXX_LANGUAGE_STANDARD = "gnu++20";
				CLANG_ENABLE_MODULES = YES;
				CLANG_ENABLE_OBJC_ARC = YES;
				CLANG_ENABLE_OBJC_WEAK = YES;
				CLANG_WARN_BLOCK_CAPTURE_AUTORELEASING = YES;
				CLANG_WARN_BOOL_CONVERSION = YES;
				CLANG_WARN_COMMA = YES;
				CLANG_WARN_CONSTANT_CONVERSION = YES;
				CLANG_WARN_DEPRECATED_OBJC_IMPLEMENTATIONS = YES;
				CLANG_WARN_DIRECT_OBJC_ISA_USAGE = YES_ERROR;
				CLANG_WARN_DOCUMENTATION_COMMENTS = YES;
				CLANG_WARN_EMPTY_BODY = YES;
				CLANG_WARN_ENUM_CONVERSION = YES;
				CLANG_WARN_INFINITE_RECURSION = YES;
				CLANG_WARN_INT_CONVERSION = YES;
				CLANG_WARN_NON_LITERAL_NULL_CONVERSION = YES;
				CLANG_WARN_OBJC_IMPLICIT_RETAIN_SELF = YES;
				CLANG_WARN_OBJC_LITERAL_CONVERSION = YES;
				CLANG_WARN_OBJC_ROOT_CLASS = YES_ERROR;
				CLANG_WARN_QUOTED_INCLUDE_IN_FRAMEWORK_HEADER = YES;
				CLANG_WARN_RANGE_LOOP_ANALYSIS = YES;
				CLANG_WARN_STRICT_PROTOTYPES = YES;
				CLANG_WARN_SUSPICIOUS_MOVE = YES;
				CLANG_WARN_UNGUARDED_AVAILABILITY = YES_AGGRESSIVE;
				CLANG_WARN_UNREACHABLE_CODE = YES;
				CLANG_WARN__DUPLICATE_METHOD_MATCH = YES;
				COPY_PHASE_STRIP = NO;
				DEBUG_INFORMATION_FORMAT = dwarf;
				ENABLE_STRICT_OBJC_MSGSEND = YES;
				ENABLE_TESTABILITY = YES;
				GCC_C_LANGUAGE_STANDARD = gnu11;
				GCC_DYNAMIC_NO_PIC = NO;
				GCC_NO_COMMON_BLOCKS = YES;
				GCC_OPTIMIZATION_LEVEL = 0;
				GCC_PREPROCESSOR_DEFINITIONS = (
					"DEBUG=1",
					"$(inherited)",
				);
				GCC_WARN_64_TO_32_BIT_CONVERSION = YES;
				GCC_WARN_ABOUT_RETURN_TYPE = YES_ERROR;
				GCC_WARN_UNDECLARED_SELECTOR = YES;
				GCC_WARN_UNINITIALIZED_AUTOS = YES_AGGRESSIVE;
				GCC_WARN_UNUSED_FUNCTION = YES;
				GCC_WARN_UNUSED_VARIABLE = YES;
				IPHONEOS_DEPLOYMENT_TARGET = 16.2;
				MTL_ENABLE_DEBUG_INFO = INCLUDE_SOURCE;
				MTL_FAST_MATH = YES;
				ONLY_ACTIVE_ARCH = YES;
				SDKROOT = iphoneos;
				SWIFT_ACTIVE_COMPILATION_CONDITIONS = DEBUG;
				SWIFT_OPTIMIZATION_LEVEL = "-Onone";
			};
			name = Debug;
		};
		36EA1F4A2AB11C810026CDE8 /* Release */ = {
			isa = XCBuildConfiguration;
			buildSettings = {
				ALWAYS_SEARCH_USER_PATHS = NO;
				CLANG_ANALYZER_NONNULL = YES;
				CLANG_ANALYZER_NUMBER_OBJECT_CONVERSION = YES_AGGRESSIVE;
				CLANG_CXX_LANGUAGE_STANDARD = "gnu++20";
				CLANG_ENABLE_MODULES = YES;
				CLANG_ENABLE_OBJC_ARC = YES;
				CLANG_ENABLE_OBJC_WEAK = YES;
				CLANG_WARN_BLOCK_CAPTURE_AUTORELEASING = YES;
				CLANG_WARN_BOOL_CONVERSION = YES;
				CLANG_WARN_COMMA = YES;
				CLANG_WARN_CONSTANT_CONVERSION = YES;
				CLANG_WARN_DEPRECATED_OBJC_IMPLEMENTATIONS = YES;
				CLANG_WARN_DIRECT_OBJC_ISA_USAGE = YES_ERROR;
				CLANG_WARN_DOCUMENTATION_COMMENTS = YES;
				CLANG_WARN_EMPTY_BODY = YES;
				CLANG_WARN_ENUM_CONVERSION = YES;
				CLANG_WARN_INFINITE_RECURSION = YES;
				CLANG_WARN_INT_CONVERSION = YES;
				CLANG_WARN_NON_LITERAL_NULL_CONVERSION = YES;
				CLANG_WARN_OBJC_IMPLICIT_RETAIN_SELF = YES;
				CLANG_WARN_OBJC_LITERAL_CONVERSION = YES;
				CLANG_WARN_OBJC_ROOT_CLASS = YES_ERROR;
				CLANG_WARN_QUOTED_INCLUDE_IN_FRAMEWORK_HEADER = YES;
				CLANG_WARN_RANGE_LOOP_ANALYSIS = YES;
				CLANG_WARN_STRICT_PROTOTYPES = YES;
				CLANG_WARN_SUSPICIOUS_MOVE = YES;
				CLANG_WARN_UNGUARDED_AVAILABILITY = YES_AGGRESSIVE;
				CLANG_WARN_UNREACHABLE_CODE = YES;
				CLANG_WARN__DUPLICATE_METHOD_MATCH = YES;
				COPY_PHASE_STRIP = NO;
				DEBUG_INFORMATION_FORMAT = "dwarf-with-dsym";
				ENABLE_NS_ASSERTIONS = NO;
				ENABLE_STRICT_OBJC_MSGSEND = YES;
				GCC_C_LANGUAGE_STANDARD = gnu11;
				GCC_NO_COMMON_BLOCKS = YES;
				GCC_WARN_64_TO_32_BIT_CONVERSION = YES;
				GCC_WARN_ABOUT_RETURN_TYPE = YES_ERROR;
				GCC_WARN_UNDECLARED_SELECTOR = YES;
				GCC_WARN_UNINITIALIZED_AUTOS = YES_AGGRESSIVE;
				GCC_WARN_UNUSED_FUNCTION = YES;
				GCC_WARN_UNUSED_VARIABLE = YES;
				IPHONEOS_DEPLOYMENT_TARGET = 16.2;
				MTL_ENABLE_DEBUG_INFO = NO;
				MTL_FAST_MATH = YES;
				SDKROOT = iphoneos;
				SWIFT_COMPILATION_MODE = wholemodule;
				SWIFT_OPTIMIZATION_LEVEL = "-O";
				VALIDATE_PRODUCT = YES;
			};
			name = Release;
		};
		36EA1F4C2AB11C810026CDE8 /* Debug */ = {
			isa = XCBuildConfiguration;
			buildSettings = {
				ASSETCATALOG_COMPILER_APPICON_NAME = AppIcon;
				ASSETCATALOG_COMPILER_GLOBAL_ACCENT_COLOR_NAME = AccentColor;
				CODE_SIGN_STYLE = Automatic;
				CURRENT_PROJECT_VERSION = 1;
				DEVELOPMENT_ASSET_PATHS = "\"Memorize/Preview Content\"";
				DEVELOPMENT_TEAM = M7UHMR7392;
				ENABLE_PREVIEWS = YES;
				GENERATE_INFOPLIST_FILE = YES;
				INFOPLIST_KEY_UIApplicationSceneManifest_Generation = YES;
				INFOPLIST_KEY_UIApplicationSupportsIndirectInputEvents = YES;
				INFOPLIST_KEY_UILaunchScreen_Generation = YES;
				INFOPLIST_KEY_UISupportedInterfaceOrientations_iPad = "UIInterfaceOrientationPortrait UIInterfaceOrientationPortraitUpsideDown UIInterfaceOrientationLandscapeLeft UIInterfaceOrientationLandscapeRight";
				INFOPLIST_KEY_UISupportedInterfaceOrientations_iPhone = "UIInterfaceOrientationPortrait UIInterfaceOrientationLandscapeLeft UIInterfaceOrientationLandscapeRight";
				LD_RUNPATH_SEARCH_PATHS = (
					"$(inherited)",
					"@executable_path/Frameworks",
				);
				MARKETING_VERSION = 1.0;
				PRODUCT_BUNDLE_IDENTIFIER = com.julianmino.Memorize;
				PRODUCT_NAME = "$(TARGET_NAME)";
				SWIFT_EMIT_LOC_STRINGS = YES;
				SWIFT_VERSION = 5.0;
				TARGETED_DEVICE_FAMILY = "1,2";
			};
			name = Debug;
		};
		36EA1F4D2AB11C810026CDE8 /* Release */ = {
			isa = XCBuildConfiguration;
			buildSettings = {
				ASSETCATALOG_COMPILER_APPICON_NAME = AppIcon;
				ASSETCATALOG_COMPILER_GLOBAL_ACCENT_COLOR_NAME = AccentColor;
				CODE_SIGN_STYLE = Automatic;
				CURRENT_PROJECT_VERSION = 1;
				DEVELOPMENT_ASSET_PATHS = "\"Memorize/Preview Content\"";
				DEVELOPMENT_TEAM = M7UHMR7392;
				ENABLE_PREVIEWS = YES;
				GENERATE_INFOPLIST_FILE = YES;
				INFOPLIST_KEY_UIApplicationSceneManifest_Generation = YES;
				INFOPLIST_KEY_UIApplicationSupportsIndirectInputEvents = YES;
				INFOPLIST_KEY_UILaunchScreen_Generation = YES;
				INFOPLIST_KEY_UISupportedInterfaceOrientations_iPad = "UIInterfaceOrientationPortrait UIInterfaceOrientationPortraitUpsideDown UIInterfaceOrientationLandscapeLeft UIInterfaceOrientationLandscapeRight";
				INFOPLIST_KEY_UISupportedInterfaceOrientations_iPhone = "UIInterfaceOrientationPortrait UIInterfaceOrientationLandscapeLeft UIInterfaceOrientationLandscapeRight";
				LD_RUNPATH_SEARCH_PATHS = (
					"$(inherited)",
					"@executable_path/Frameworks",
				);
				MARKETING_VERSION = 1.0;
				PRODUCT_BUNDLE_IDENTIFIER = com.julianmino.Memorize;
				PRODUCT_NAME = "$(TARGET_NAME)";
				SWIFT_EMIT_LOC_STRINGS = YES;
				SWIFT_VERSION = 5.0;
				TARGETED_DEVICE_FAMILY = "1,2";
			};
			name = Release;
		};
/* End XCBuildConfiguration section */

/* Begin XCConfigurationList section */
		36EA1F382AB11C800026CDE8 /* Build configuration list for PBXProject "Memorize" */ = {
			isa = XCConfigurationList;
			buildConfigurations = (
				36EA1F492AB11C810026CDE8 /* Debug */,
				36EA1F4A2AB11C810026CDE8 /* Release */,
			);
			defaultConfigurationIsVisible = 0;
			defaultConfigurationName = Release;
		};
		36EA1F4B2AB11C810026CDE8 /* Build configuration list for PBXNativeTarget "Memorize" */ = {
			isa = XCConfigurationList;
			buildConfigurations = (
				36EA1F4C2AB11C810026CDE8 /* Debug */,
				36EA1F4D2AB11C810026CDE8 /* Release */,
			);
			defaultConfigurationIsVisible = 0;
			defaultConfigurationName = Release;
		};
/* End XCConfigurationList section */
	};
	rootObject = 36EA1F352AB11C800026CDE8 /* Project object */;
}
